
Microsoft Visual Studio Solution File, Format Version 12.00
# Visual Studio Version 17
VisualStudioVersion = 17.0.31903.59
MinimumVisualStudioVersion = 10.0.40219.1
Project("{2150E333-8FDC-42A3-9474-1A3956D46DE8}") = "Root", "Root", "{5236D45E-A93B-43AA-A92C-4A04B17D2891}"
	ProjectSection(SolutionItems) = preProject
		.editorconfig = .editorconfig
		.gitattributes = .gitattributes
		.gitignore = .gitignore
		Directory.build.props = Directory.build.props
		global.json = global.json
		LICENSE = LICENSE
		README.md = README.md
	EndProjectSection
EndProject
Project("{2150E333-8FDC-42A3-9474-1A3956D46DE8}") = "Source", "Source", "{47752E97-C7F1-406A-B2C8-ECA8BF970A9F}"
	ProjectSection(SolutionItems) = preProject
		src\Directory.build.props = src\Directory.build.props
	EndProjectSection
EndProject
Project("{2150E333-8FDC-42A3-9474-1A3956D46DE8}") = "Test", "Test", "{025B35F2-4953-4AA3-9EF0-0AD35ACA1BD3}"
	ProjectSection(SolutionItems) = preProject
		test\Directory.build.props = test\Directory.build.props
	EndProjectSection
EndProject
Project("{9A19103F-16F7-4668-BE54-9A1E7A4F7556}") = "CleanArch.Core", "src\CleanArch.Core\CleanArch.Core.csproj", "{FD1E023C-E250-4E48-99BA-6081D0018045}"
EndProject
Project("{9A19103F-16F7-4668-BE54-9A1E7A4F7556}") = "CleanArch.Core.Tests", "test\CleanArch.Core.Tests\CleanArch.Core.Tests.csproj", "{286FB3FF-15DC-4069-80E1-25134514BB31}"
EndProject
Project("{2150E333-8FDC-42A3-9474-1A3956D46DE8}") = ".github", ".github", "{AFB45AC0-BC28-43A3-955C-26B2171CB6A3}"
EndProject
Project("{2150E333-8FDC-42A3-9474-1A3956D46DE8}") = "workflows", "workflows", "{0B2E2A2F-42FB-4581-B8C5-6A93DAA295BE}"
	ProjectSection(SolutionItems) = preProject
		.github\workflows\dotnet.yaml = .github\workflows\dotnet.yaml
	EndProjectSection
EndProject
Project("{9A19103F-16F7-4668-BE54-9A1E7A4F7556}") = "CleanArch.DomainDrivenDesign", "src\CleanArch.DomainDrivenDesign\CleanArch.DomainDrivenDesign.csproj", "{CC1A6F07-76B0-47FF-A975-460E7C7F1456}"
EndProject
Project("{9A19103F-16F7-4668-BE54-9A1E7A4F7556}") = "CleanArch.DomainDrivenDesign.Tests", "test\CleanArch.DomainDrivenDesign.Tests\CleanArch.DomainDrivenDesign.Tests.csproj", "{18260AF6-5952-471C-8789-1CB418EAA7D2}"
EndProject
Project("{FAE04EC0-301F-11D3-BF4B-00C04F79EFBC}") = "CleanArch.Application.Tests", "test\CleanArch.Application.Tests\CleanArch.Application.Tests.csproj", "{BD613ECC-CFE9-4248-BDB7-7AC96533AF3F}"
EndProject
Project("{FAE04EC0-301F-11D3-BF4B-00C04F79EFBC}") = "CleanArch.Application", "src\CleanArch.Application\CleanArch.Application.csproj", "{D6175B30-8D01-42EE-A9CB-9D8BD499AF10}"
EndProject
Global
	GlobalSection(SolutionConfigurationPlatforms) = preSolution
		Debug|Any CPU = Debug|Any CPU
		Release|Any CPU = Release|Any CPU
	EndGlobalSection
	GlobalSection(ProjectConfigurationPlatforms) = postSolution
		{FD1E023C-E250-4E48-99BA-6081D0018045}.Debug|Any CPU.ActiveCfg = Debug|Any CPU
		{FD1E023C-E250-4E48-99BA-6081D0018045}.Debug|Any CPU.Build.0 = Debug|Any CPU
		{FD1E023C-E250-4E48-99BA-6081D0018045}.Release|Any CPU.ActiveCfg = Release|Any CPU
		{FD1E023C-E250-4E48-99BA-6081D0018045}.Release|Any CPU.Build.0 = Release|Any CPU
		{286FB3FF-15DC-4069-80E1-25134514BB31}.Debug|Any CPU.ActiveCfg = Debug|Any CPU
		{286FB3FF-15DC-4069-80E1-25134514BB31}.Debug|Any CPU.Build.0 = Debug|Any CPU
		{286FB3FF-15DC-4069-80E1-25134514BB31}.Release|Any CPU.ActiveCfg = Release|Any CPU
		{286FB3FF-15DC-4069-80E1-25134514BB31}.Release|Any CPU.Build.0 = Release|Any CPU
		{CC1A6F07-76B0-47FF-A975-460E7C7F1456}.Debug|Any CPU.ActiveCfg = Debug|Any CPU
		{CC1A6F07-76B0-47FF-A975-460E7C7F1456}.Debug|Any CPU.Build.0 = Debug|Any CPU
		{CC1A6F07-76B0-47FF-A975-460E7C7F1456}.Release|Any CPU.ActiveCfg = Release|Any CPU
		{CC1A6F07-76B0-47FF-A975-460E7C7F1456}.Release|Any CPU.Build.0 = Release|Any CPU
		{18260AF6-5952-471C-8789-1CB418EAA7D2}.Debug|Any CPU.ActiveCfg = Debug|Any CPU
		{18260AF6-5952-471C-8789-1CB418EAA7D2}.Debug|Any CPU.Build.0 = Debug|Any CPU
		{18260AF6-5952-471C-8789-1CB418EAA7D2}.Release|Any CPU.ActiveCfg = Release|Any CPU
		{18260AF6-5952-471C-8789-1CB418EAA7D2}.Release|Any CPU.Build.0 = Release|Any CPU
		{BD613ECC-CFE9-4248-BDB7-7AC96533AF3F}.Debug|Any CPU.ActiveCfg = Debug|Any CPU
		{BD613ECC-CFE9-4248-BDB7-7AC96533AF3F}.Debug|Any CPU.Build.0 = Debug|Any CPU
		{BD613ECC-CFE9-4248-BDB7-7AC96533AF3F}.Release|Any CPU.ActiveCfg = Release|Any CPU
		{BD613ECC-CFE9-4248-BDB7-7AC96533AF3F}.Release|Any CPU.Build.0 = Release|Any CPU
		{D6175B30-8D01-42EE-A9CB-9D8BD499AF10}.Debug|Any CPU.ActiveCfg = Debug|Any CPU
		{D6175B30-8D01-42EE-A9CB-9D8BD499AF10}.Debug|Any CPU.Build.0 = Debug|Any CPU
		{D6175B30-8D01-42EE-A9CB-9D8BD499AF10}.Release|Any CPU.ActiveCfg = Release|Any CPU
		{D6175B30-8D01-42EE-A9CB-9D8BD499AF10}.Release|Any CPU.Build.0 = Release|Any CPU
	EndGlobalSection
	GlobalSection(SolutionProperties) = preSolution
		HideSolutionNode = FALSE
	EndGlobalSection
	GlobalSection(NestedProjects) = preSolution
		{FD1E023C-E250-4E48-99BA-6081D0018045} = {47752E97-C7F1-406A-B2C8-ECA8BF970A9F}
		{286FB3FF-15DC-4069-80E1-25134514BB31} = {025B35F2-4953-4AA3-9EF0-0AD35ACA1BD3}
		{AFB45AC0-BC28-43A3-955C-26B2171CB6A3} = {5236D45E-A93B-43AA-A92C-4A04B17D2891}
		{0B2E2A2F-42FB-4581-B8C5-6A93DAA295BE} = {AFB45AC0-BC28-43A3-955C-26B2171CB6A3}
		{CC1A6F07-76B0-47FF-A975-460E7C7F1456} = {47752E97-C7F1-406A-B2C8-ECA8BF970A9F}
		{18260AF6-5952-471C-8789-1CB418EAA7D2} = {025B35F2-4953-4AA3-9EF0-0AD35ACA1BD3}
		{BD613ECC-CFE9-4248-BDB7-7AC96533AF3F} = {025B35F2-4953-4AA3-9EF0-0AD35ACA1BD3}
		{D6175B30-8D01-42EE-A9CB-9D8BD499AF10} = {47752E97-C7F1-406A-B2C8-ECA8BF970A9F}
	EndGlobalSection
	GlobalSection(ExtensibilityGlobals) = postSolution
		SolutionGuid = {88A765C3-6691-4B87-8B71-247EFEE0B4B3}
	EndGlobalSection
EndGlobal
