
Microsoft Visual Studio Solution File, Format Version 12.00
# Visual Studio Version 17
VisualStudioVersion = 17.0.31903.59
MinimumVisualStudioVersion = 10.0.40219.1
Project("{2150E333-8FDC-42A3-9474-1A3956D46DE8}") = "src", "src", "{41BBDCD1-5620-42A7-85C5-1CA151BC8102}"
EndProject
Project("{FAE04EC0-301F-11D3-BF4B-00C04F79EFBC}") = "TheCleanArch.Core", "src\TheCleanArch.Core\TheCleanArch.Core.csproj", "{33015C46-D8AE-4007-8723-D1922D8960BC}"
EndProject
Project("{2150E333-8FDC-42A3-9474-1A3956D46DE8}") = "test", "test", "{BAAA2AC6-884F-44E7-AB6D-9AB847735854}"
EndProject
Project("{FAE04EC0-301F-11D3-BF4B-00C04F79EFBC}") = "TheCleanArch.CoreTests", "test\TheCleanArch.CoreTests\TheCleanArch.CoreTests.csproj", "{9D1DB030-1752-4BF6-B21F-CB0B6DFCF10F}"
EndProject
Project("{FAE04EC0-301F-11D3-BF4B-00C04F79EFBC}") = "TheCleanArch.Application", "src\TheCleanArch.Application\TheCleanArch.Application.csproj", "{D10D8EA5-18A7-4B7E-91A2-7DEEDD4B4D3E}"
EndProject
Project("{FAE04EC0-301F-11D3-BF4B-00C04F79EFBC}") = "TheCleanArch.Enterprise", "src\TheCleanArch.Enterprise\TheCleanArch.Enterprise.csproj", "{A0415034-4027-4777-96A3-B7D15D6AF8E0}"
EndProject
Project("{FAE04EC0-301F-11D3-BF4B-00C04F79EFBC}") = "TheCleanArch.InterfaceAdapter", "src\TheCleanArch.InterfaceAdapter\TheCleanArch.InterfaceAdapter.csproj", "{D658CB5A-6982-465D-8DF7-51488BE26730}"
EndProject
Project("{FAE04EC0-301F-11D3-BF4B-00C04F79EFBC}") = "TheCleanArch.ApplicationTests", "test\TheCleanArch.ApplicationTests\TheCleanArch.ApplicationTests.csproj", "{986E8DCE-3C39-4AEE-8DAC-79A3F5D6FE34}"
EndProject
Project("{FAE04EC0-301F-11D3-BF4B-00C04F79EFBC}") = "TheCleanArch.EnterpriseTests", "test\TheCleanArch.EnterpriseTests\TheCleanArch.EnterpriseTests.csproj", "{94A65617-CC60-495F-A2CF-61035695F2B8}"
EndProject
Project("{FAE04EC0-301F-11D3-BF4B-00C04F79EFBC}") = "TheCleanArch.InterfaceAdapterTests", "test\TheCleanArch.InterfaceAdapterTests\TheCleanArch.InterfaceAdapterTests.csproj", "{A0AB6DAA-D979-4B11-A869-10D5A0C03880}"
EndProject
Global
	GlobalSection(SolutionConfigurationPlatforms) = preSolution
		Debug|Any CPU = Debug|Any CPU
		Release|Any CPU = Release|Any CPU
	EndGlobalSection
	GlobalSection(SolutionProperties) = preSolution
		HideSolutionNode = FALSE
	EndGlobalSection
	GlobalSection(ProjectConfigurationPlatforms) = postSolution
		{33015C46-D8AE-4007-8723-D1922D8960BC}.Debug|Any CPU.ActiveCfg = Debug|Any CPU
		{33015C46-D8AE-4007-8723-D1922D8960BC}.Debug|Any CPU.Build.0 = Debug|Any CPU
		{33015C46-D8AE-4007-8723-D1922D8960BC}.Release|Any CPU.ActiveCfg = Release|Any CPU
		{33015C46-D8AE-4007-8723-D1922D8960BC}.Release|Any CPU.Build.0 = Release|Any CPU
		{9D1DB030-1752-4BF6-B21F-CB0B6DFCF10F}.Debug|Any CPU.ActiveCfg = Debug|Any CPU
		{9D1DB030-1752-4BF6-B21F-CB0B6DFCF10F}.Debug|Any CPU.Build.0 = Debug|Any CPU
		{9D1DB030-1752-4BF6-B21F-CB0B6DFCF10F}.Release|Any CPU.ActiveCfg = Release|Any CPU
		{9D1DB030-1752-4BF6-B21F-CB0B6DFCF10F}.Release|Any CPU.Build.0 = Release|Any CPU
		{D10D8EA5-18A7-4B7E-91A2-7DEEDD4B4D3E}.Debug|Any CPU.ActiveCfg = Debug|Any CPU
		{D10D8EA5-18A7-4B7E-91A2-7DEEDD4B4D3E}.Debug|Any CPU.Build.0 = Debug|Any CPU
		{D10D8EA5-18A7-4B7E-91A2-7DEEDD4B4D3E}.Release|Any CPU.ActiveCfg = Release|Any CPU
		{D10D8EA5-18A7-4B7E-91A2-7DEEDD4B4D3E}.Release|Any CPU.Build.0 = Release|Any CPU
		{A0415034-4027-4777-96A3-B7D15D6AF8E0}.Debug|Any CPU.ActiveCfg = Debug|Any CPU
		{A0415034-4027-4777-96A3-B7D15D6AF8E0}.Debug|Any CPU.Build.0 = Debug|Any CPU
		{A0415034-4027-4777-96A3-B7D15D6AF8E0}.Release|Any CPU.ActiveCfg = Release|Any CPU
		{A0415034-4027-4777-96A3-B7D15D6AF8E0}.Release|Any CPU.Build.0 = Release|Any CPU
		{D658CB5A-6982-465D-8DF7-51488BE26730}.Debug|Any CPU.ActiveCfg = Debug|Any CPU
		{D658CB5A-6982-465D-8DF7-51488BE26730}.Debug|Any CPU.Build.0 = Debug|Any CPU
		{D658CB5A-6982-465D-8DF7-51488BE26730}.Release|Any CPU.ActiveCfg = Release|Any CPU
		{D658CB5A-6982-465D-8DF7-51488BE26730}.Release|Any CPU.Build.0 = Release|Any CPU
		{986E8DCE-3C39-4AEE-8DAC-79A3F5D6FE34}.Debug|Any CPU.ActiveCfg = Debug|Any CPU
		{986E8DCE-3C39-4AEE-8DAC-79A3F5D6FE34}.Debug|Any CPU.Build.0 = Debug|Any CPU
		{986E8DCE-3C39-4AEE-8DAC-79A3F5D6FE34}.Release|Any CPU.ActiveCfg = Release|Any CPU
		{986E8DCE-3C39-4AEE-8DAC-79A3F5D6FE34}.Release|Any CPU.Build.0 = Release|Any CPU
		{94A65617-CC60-495F-A2CF-61035695F2B8}.Debug|Any CPU.ActiveCfg = Debug|Any CPU
		{94A65617-CC60-495F-A2CF-61035695F2B8}.Debug|Any CPU.Build.0 = Debug|Any CPU
		{94A65617-CC60-495F-A2CF-61035695F2B8}.Release|Any CPU.ActiveCfg = Release|Any CPU
		{94A65617-CC60-495F-A2CF-61035695F2B8}.Release|Any CPU.Build.0 = Release|Any CPU
		{A0AB6DAA-D979-4B11-A869-10D5A0C03880}.Debug|Any CPU.ActiveCfg = Debug|Any CPU
		{A0AB6DAA-D979-4B11-A869-10D5A0C03880}.Debug|Any CPU.Build.0 = Debug|Any CPU
		{A0AB6DAA-D979-4B11-A869-10D5A0C03880}.Release|Any CPU.ActiveCfg = Release|Any CPU
		{A0AB6DAA-D979-4B11-A869-10D5A0C03880}.Release|Any CPU.Build.0 = Release|Any CPU
	EndGlobalSection
	GlobalSection(NestedProjects) = preSolution
		{33015C46-D8AE-4007-8723-D1922D8960BC} = {41BBDCD1-5620-42A7-85C5-1CA151BC8102}
		{9D1DB030-1752-4BF6-B21F-CB0B6DFCF10F} = {BAAA2AC6-884F-44E7-AB6D-9AB847735854}
		{D10D8EA5-18A7-4B7E-91A2-7DEEDD4B4D3E} = {41BBDCD1-5620-42A7-85C5-1CA151BC8102}
		{A0415034-4027-4777-96A3-B7D15D6AF8E0} = {41BBDCD1-5620-42A7-85C5-1CA151BC8102}
		{D658CB5A-6982-465D-8DF7-51488BE26730} = {41BBDCD1-5620-42A7-85C5-1CA151BC8102}
		{986E8DCE-3C39-4AEE-8DAC-79A3F5D6FE34} = {BAAA2AC6-884F-44E7-AB6D-9AB847735854}
		{94A65617-CC60-495F-A2CF-61035695F2B8} = {BAAA2AC6-884F-44E7-AB6D-9AB847735854}
		{A0AB6DAA-D979-4B11-A869-10D5A0C03880} = {BAAA2AC6-884F-44E7-AB6D-9AB847735854}
	EndGlobalSection
EndGlobal
