
Microsoft Visual Studio Solution File, Format Version 12.00
# Visual Studio Version 17
VisualStudioVersion = 17.0.31903.59
MinimumVisualStudioVersion = 10.0.40219.1
Project("{2150E333-8FDC-42A3-9474-1A3956D46DE8}") = "src", "src", "{A317F85B-E0DE-4434-AE18-B51FE9D8B71A}"
EndProject
Project("{FAE04EC0-301F-11D3-BF4B-00C04F79EFBC}") = "TheCleanArch.Core", "src\TheCleanArch.Core\TheCleanArch.Core.csproj", "{398CFB39-A2C8-4323-A602-DC2B49725946}"
EndProject
Project("{2150E333-8FDC-42A3-9474-1A3956D46DE8}") = "test", "test", "{776663D4-70EC-4006-A317-A121F1F96DA0}"
EndProject
Project("{FAE04EC0-301F-11D3-BF4B-00C04F79EFBC}") = "TheCleanArch.CoreTests", "test\TheCleanArch.CoreTests\TheCleanArch.CoreTests.csproj", "{60A5919C-445D-4C6A-A3E3-E37A92CC4735}"
EndProject
Project("{FAE04EC0-301F-11D3-BF4B-00C04F79EFBC}") = "TheCleanArch.Enterprise", "src\TheCleanArch.Enterprise\TheCleanArch.Enterprise.csproj", "{EA1205FF-B605-4DFC-80B6-C730A7BAC6F1}"
EndProject
Project("{FAE04EC0-301F-11D3-BF4B-00C04F79EFBC}") = "TheCleanArch.EnterpriseTests", "test\TheCleanArch.EnterpriseTests\TheCleanArch.EnterpriseTests.csproj", "{20D869D9-7146-4091-9DF4-66442598B2FE}"
EndProject
Project("{FAE04EC0-301F-11D3-BF4B-00C04F79EFBC}") = "TheCleanArch.Application", "src\TheCleanArch.Application\TheCleanArch.Application.csproj", "{53FEF527-7F3C-4ACF-A195-D9044E78210E}"
EndProject
Project("{FAE04EC0-301F-11D3-BF4B-00C04F79EFBC}") = "TheCleanArch.ApplicationTests", "test\TheCleanArch.ApplicationTests\TheCleanArch.ApplicationTests.csproj", "{5CD181B9-9E61-4130-B159-E31C62569024}"
EndProject
Project("{FAE04EC0-301F-11D3-BF4B-00C04F79EFBC}") = "TheCleanArch.InterfaceAdapter", "src\TheCleanArch.InterfaceAdapter\TheCleanArch.InterfaceAdapter.csproj", "{603F2002-482E-4FC0-9A22-0C1FD21230D9}"
EndProject
Project("{FAE04EC0-301F-11D3-BF4B-00C04F79EFBC}") = "TheCleanArch.InterfaceAdapterTests", "test\TheCleanArch.InterfaceAdapterTests\TheCleanArch.InterfaceAdapterTests.csproj", "{F68231B4-C5CA-4BD7-8F99-D261B3516F29}"
EndProject
Global
	GlobalSection(SolutionConfigurationPlatforms) = preSolution
		Debug|Any CPU = Debug|Any CPU
		Release|Any CPU = Release|Any CPU
	EndGlobalSection
	GlobalSection(SolutionProperties) = preSolution
		HideSolutionNode = FALSE
	EndGlobalSection
	GlobalSection(ProjectConfigurationPlatforms) = postSolution
		{398CFB39-A2C8-4323-A602-DC2B49725946}.Debug|Any CPU.ActiveCfg = Debug|Any CPU
		{398CFB39-A2C8-4323-A602-DC2B49725946}.Debug|Any CPU.Build.0 = Debug|Any CPU
		{398CFB39-A2C8-4323-A602-DC2B49725946}.Release|Any CPU.ActiveCfg = Release|Any CPU
		{398CFB39-A2C8-4323-A602-DC2B49725946}.Release|Any CPU.Build.0 = Release|Any CPU
		{60A5919C-445D-4C6A-A3E3-E37A92CC4735}.Debug|Any CPU.ActiveCfg = Debug|Any CPU
		{60A5919C-445D-4C6A-A3E3-E37A92CC4735}.Debug|Any CPU.Build.0 = Debug|Any CPU
		{60A5919C-445D-4C6A-A3E3-E37A92CC4735}.Release|Any CPU.ActiveCfg = Release|Any CPU
		{60A5919C-445D-4C6A-A3E3-E37A92CC4735}.Release|Any CPU.Build.0 = Release|Any CPU
		{EA1205FF-B605-4DFC-80B6-C730A7BAC6F1}.Debug|Any CPU.ActiveCfg = Debug|Any CPU
		{EA1205FF-B605-4DFC-80B6-C730A7BAC6F1}.Debug|Any CPU.Build.0 = Debug|Any CPU
		{EA1205FF-B605-4DFC-80B6-C730A7BAC6F1}.Release|Any CPU.ActiveCfg = Release|Any CPU
		{EA1205FF-B605-4DFC-80B6-C730A7BAC6F1}.Release|Any CPU.Build.0 = Release|Any CPU
		{20D869D9-7146-4091-9DF4-66442598B2FE}.Debug|Any CPU.ActiveCfg = Debug|Any CPU
		{20D869D9-7146-4091-9DF4-66442598B2FE}.Debug|Any CPU.Build.0 = Debug|Any CPU
		{20D869D9-7146-4091-9DF4-66442598B2FE}.Release|Any CPU.ActiveCfg = Release|Any CPU
		{20D869D9-7146-4091-9DF4-66442598B2FE}.Release|Any CPU.Build.0 = Release|Any CPU
		{53FEF527-7F3C-4ACF-A195-D9044E78210E}.Debug|Any CPU.ActiveCfg = Debug|Any CPU
		{53FEF527-7F3C-4ACF-A195-D9044E78210E}.Debug|Any CPU.Build.0 = Debug|Any CPU
		{53FEF527-7F3C-4ACF-A195-D9044E78210E}.Release|Any CPU.ActiveCfg = Release|Any CPU
		{53FEF527-7F3C-4ACF-A195-D9044E78210E}.Release|Any CPU.Build.0 = Release|Any CPU
		{5CD181B9-9E61-4130-B159-E31C62569024}.Debug|Any CPU.ActiveCfg = Debug|Any CPU
		{5CD181B9-9E61-4130-B159-E31C62569024}.Debug|Any CPU.Build.0 = Debug|Any CPU
		{5CD181B9-9E61-4130-B159-E31C62569024}.Release|Any CPU.ActiveCfg = Release|Any CPU
		{5CD181B9-9E61-4130-B159-E31C62569024}.Release|Any CPU.Build.0 = Release|Any CPU
		{603F2002-482E-4FC0-9A22-0C1FD21230D9}.Debug|Any CPU.ActiveCfg = Debug|Any CPU
		{603F2002-482E-4FC0-9A22-0C1FD21230D9}.Debug|Any CPU.Build.0 = Debug|Any CPU
		{603F2002-482E-4FC0-9A22-0C1FD21230D9}.Release|Any CPU.ActiveCfg = Release|Any CPU
		{603F2002-482E-4FC0-9A22-0C1FD21230D9}.Release|Any CPU.Build.0 = Release|Any CPU
		{F68231B4-C5CA-4BD7-8F99-D261B3516F29}.Debug|Any CPU.ActiveCfg = Debug|Any CPU
		{F68231B4-C5CA-4BD7-8F99-D261B3516F29}.Debug|Any CPU.Build.0 = Debug|Any CPU
		{F68231B4-C5CA-4BD7-8F99-D261B3516F29}.Release|Any CPU.ActiveCfg = Release|Any CPU
		{F68231B4-C5CA-4BD7-8F99-D261B3516F29}.Release|Any CPU.Build.0 = Release|Any CPU
	EndGlobalSection
	GlobalSection(NestedProjects) = preSolution
		{398CFB39-A2C8-4323-A602-DC2B49725946} = {A317F85B-E0DE-4434-AE18-B51FE9D8B71A}
		{60A5919C-445D-4C6A-A3E3-E37A92CC4735} = {776663D4-70EC-4006-A317-A121F1F96DA0}
		{EA1205FF-B605-4DFC-80B6-C730A7BAC6F1} = {A317F85B-E0DE-4434-AE18-B51FE9D8B71A}
		{20D869D9-7146-4091-9DF4-66442598B2FE} = {776663D4-70EC-4006-A317-A121F1F96DA0}
		{53FEF527-7F3C-4ACF-A195-D9044E78210E} = {A317F85B-E0DE-4434-AE18-B51FE9D8B71A}
		{5CD181B9-9E61-4130-B159-E31C62569024} = {776663D4-70EC-4006-A317-A121F1F96DA0}
		{603F2002-482E-4FC0-9A22-0C1FD21230D9} = {A317F85B-E0DE-4434-AE18-B51FE9D8B71A}
		{F68231B4-C5CA-4BD7-8F99-D261B3516F29} = {776663D4-70EC-4006-A317-A121F1F96DA0}
	EndGlobalSection
EndGlobal
